
Microsoft Visual Studio Solution File, Format Version 12.00
Project("{FAE04EC0-301F-11D3-BF4B-00C04F79EFBC}") = "JogoTabuleiroConsole", "JogoTabuleiroConsole.csproj", "{D5B15AC5-7B8E-4D2C-9296-066BA661311D}"
EndProject
Global
	GlobalSection(SolutionConfigurationPlatforms) = preSolution
		Debug|Any CPU = Debug|Any CPU
		Release|Any CPU = Release|Any CPU
	EndGlobalSection
	GlobalSection(ProjectConfigurationPlatforms) = postSolution
		{D5B15AC5-7B8E-4D2C-9296-066BA661311D}.Debug|Any CPU.ActiveCfg = Debug|Any CPU
		{D5B15AC5-7B8E-4D2C-9296-066BA661311D}.Debug|Any CPU.Build.0 = Debug|Any CPU
		{D5B15AC5-7B8E-4D2C-9296-066BA661311D}.Release|Any CPU.ActiveCfg = Release|Any CPU
		{D5B15AC5-7B8E-4D2C-9296-066BA661311D}.Release|Any CPU.Build.0 = Release|Any CPU
	EndGlobalSection
EndGlobal
